
Microsoft Visual Studio Solution File, Format Version 12.00
# Visual Studio 15
VisualStudioVersion = 15.0.28307.106
MinimumVisualStudioVersion = 10.0.40219.1
Project("{FAE04EC0-301F-11D3-BF4B-00C04F79EFBC}") = "ArrayMissingElement", "ArrayMissingElement\ArrayMissingElement.csproj", "{32989147-8FB0-4193-B0CE-0F24B0C73A7A}"
EndProject
Global
	GlobalSection(SolutionConfigurationPlatforms) = preSolution
		Debug|Any CPU = Debug|Any CPU
		Release|Any CPU = Release|Any CPU
	EndGlobalSection
	GlobalSection(ProjectConfigurationPlatforms) = postSolution
		{32989147-8FB0-4193-B0CE-0F24B0C73A7A}.Debug|Any CPU.ActiveCfg = Debug|Any CPU
		{32989147-8FB0-4193-B0CE-0F24B0C73A7A}.Debug|Any CPU.Build.0 = Debug|Any CPU
		{32989147-8FB0-4193-B0CE-0F24B0C73A7A}.Release|Any CPU.ActiveCfg = Release|Any CPU
		{32989147-8FB0-4193-B0CE-0F24B0C73A7A}.Release|Any CPU.Build.0 = Release|Any CPU
	EndGlobalSection
	GlobalSection(SolutionProperties) = preSolution
		HideSolutionNode = FALSE
	EndGlobalSection
	GlobalSection(ExtensibilityGlobals) = postSolution
		SolutionGuid = {5D56EF4D-CF87-44A6-8E67-B1B6DECA2A56}
	EndGlobalSection
EndGlobal
